
Microsoft Visual Studio Solution File, Format Version 12.00
# Visual Studio Version 16
VisualStudioVersion = 16.0.28729.10
MinimumVisualStudioVersion = 10.0.40219.1
Project("{8BC9CEB8-8B4A-11D0-8D11-00A0C91BC942}") = "Project1", "Project1.vcxproj", "{900BC90F-EC77-478A-9962-253BFD5DF014}"
EndProject
Global
	GlobalSection(SolutionConfigurationPlatforms) = preSolution
		Debug|x64 = Debug|x64
		Debug|x86 = Debug|x86
		Release|x64 = Release|x64
		Release|x86 = Release|x86
	EndGlobalSection
	GlobalSection(ProjectConfigurationPlatforms) = postSolution
		{900BC90F-EC77-478A-9962-253BFD5DF014}.Debug|x64.ActiveCfg = Debug|x64
		{900BC90F-EC77-478A-9962-253BFD5DF014}.Debug|x64.Build.0 = Debug|x64
		{900BC90F-EC77-478A-9962-253BFD5DF014}.Debug|x86.ActiveCfg = Debug|Win32
		{900BC90F-EC77-478A-9962-253BFD5DF014}.Debug|x86.Build.0 = Debug|Win32
		{900BC90F-EC77-478A-9962-253BFD5DF014}.Release|x64.ActiveCfg = Release|x64
		{900BC90F-EC77-478A-9962-253BFD5DF014}.Release|x64.Build.0 = Release|x64
		{900BC90F-EC77-478A-9962-253BFD5DF014}.Release|x86.ActiveCfg = Release|Win32
		{900BC90F-EC77-478A-9962-253BFD5DF014}.Release|x86.Build.0 = Release|Win32
	EndGlobalSection
	GlobalSection(SolutionProperties) = preSolution
		HideSolutionNode = FALSE
	EndGlobalSection
	GlobalSection(ExtensibilityGlobals) = postSolution
		SolutionGuid = {84946E89-121E-4F0A-848E-DCBC8FB784DC}
	EndGlobalSection
EndGlobal
